// !$*UTF8*$!
{
	archiveVersion = 1;
	classes = {
	};
	objectVersion = 50;
	objects = {

/* Begin PBXBuildFile section */
		F91FA7EE273B49AE00A412A6 /* Manifest-Watch WatchKit App.app in Embed Watch Content */ = {isa = PBXBuildFile; fileRef = F91FA7ED273B49AE00A412A6 /* Manifest-Watch WatchKit App.app */; settings = {ATTRIBUTES = (RemoveHeadersOnCopy, ); }; };
		F91FA7F4273B49AE00A412A6 /* Interface.storyboard in Resources */ = {isa = PBXBuildFile; fileRef = F91FA7F2273B49AE00A412A6 /* Interface.storyboard */; };
		F91FA7F6273B49B200A412A6 /* Assets.xcassets in Resources */ = {isa = PBXBuildFile; fileRef = F91FA7F5273B49B200A412A6 /* Assets.xcassets */; };
		F91FA7FD273B49B200A412A6 /* Manifest-Watch WatchKit Extension.appex in Embed App Extensions */ = {isa = PBXBuildFile; fileRef = F91FA7FC273B49B200A412A6 /* Manifest-Watch WatchKit Extension.appex */; settings = {ATTRIBUTES = (RemoveHeadersOnCopy, ); }; };
		F91FA802273B49B200A412A6 /* HostingController.swift in Sources */ = {isa = PBXBuildFile; fileRef = F91FA801273B49B200A412A6 /* HostingController.swift */; };
		F91FA804273B49B200A412A6 /* ContentView.swift in Sources */ = {isa = PBXBuildFile; fileRef = F91FA803273B49B200A412A6 /* ContentView.swift */; };
		F91FA806273B49B200A412A6 /* ExtensionDelegate.swift in Sources */ = {isa = PBXBuildFile; fileRef = F91FA805273B49B200A412A6 /* ExtensionDelegate.swift */; };
		F91FA808273B49B200A412A6 /* NotificationController.swift in Sources */ = {isa = PBXBuildFile; fileRef = F91FA807273B49B200A412A6 /* NotificationController.swift */; };
		F91FA80A273B49B200A412A6 /* NotificationView.swift in Sources */ = {isa = PBXBuildFile; fileRef = F91FA809273B49B200A412A6 /* NotificationView.swift */; };
		F91FA80C273B49B200A412A6 /* ComplicationController.swift in Sources */ = {isa = PBXBuildFile; fileRef = F91FA80B273B49B200A412A6 /* ComplicationController.swift */; };
		F91FA80E273B49B400A412A6 /* Assets.xcassets in Resources */ = {isa = PBXBuildFile; fileRef = F91FA80D273B49B400A412A6 /* Assets.xcassets */; };
		F91FA811273B49B400A412A6 /* Preview Assets.xcassets in Resources */ = {isa = PBXBuildFile; fileRef = F91FA810273B49B400A412A6 /* Preview Assets.xcassets */; };
		F91FA822273B4DB500A412A6 /* SignInView.swift in Sources */ = {isa = PBXBuildFile; fileRef = F91FA821273B4DB500A412A6 /* SignInView.swift */; };
		F91FA825273B533600A412A6 /* LaunchScreenView.swift in Sources */ = {isa = PBXBuildFile; fileRef = F91FA824273B533600A412A6 /* LaunchScreenView.swift */; };
		F91FA828273B849800A412A6 /* UserManager.swift in Sources */ = {isa = PBXBuildFile; fileRef = F91FA827273B849800A412A6 /* UserManager.swift */; };
		F91FA82A273B885D00A412A6 /* NetworkManager.swift in Sources */ = {isa = PBXBuildFile; fileRef = F91FA829273B885D00A412A6 /* NetworkManager.swift */; };
		F91FA832273B8B9D00A412A6 /* Notification.swift in Sources */ = {isa = PBXBuildFile; fileRef = F91FA82C273B8B9D00A412A6 /* Notification.swift */; };
		F91FA833273B8B9D00A412A6 /* Task.swift in Sources */ = {isa = PBXBuildFile; fileRef = F91FA82D273B8B9D00A412A6 /* Task.swift */; };
		F91FA834273B8B9D00A412A6 /* GoalsAndRoutines.swift in Sources */ = {isa = PBXBuildFile; fileRef = F91FA82E273B8B9D00A412A6 /* GoalsAndRoutines.swift */; };
		F91FA835273B8B9D00A412A6 /* UserInfo.swift in Sources */ = {isa = PBXBuildFile; fileRef = F91FA82F273B8B9D00A412A6 /* UserInfo.swift */; };
		F91FA836273B8B9D00A412A6 /* ImportantPeople.swift in Sources */ = {isa = PBXBuildFile; fileRef = F91FA830273B8B9D00A412A6 /* ImportantPeople.swift */; };
		F91FA837273B8B9D00A412A6 /* Action.swift in Sources */ = {isa = PBXBuildFile; fileRef = F91FA831273B8B9D00A412A6 /* Action.swift */; };
		F91FA839273B8C0800A412A6 /* UserDayModel.swift in Sources */ = {isa = PBXBuildFile; fileRef = F91FA838273B8C0800A412A6 /* UserDayModel.swift */; };
		F91FA83B273B8C2200A412A6 /* EventsModel.swift in Sources */ = {isa = PBXBuildFile; fileRef = F91FA83A273B8C2200A412A6 /* EventsModel.swift */; };
		F91FA83D273B8D1800A412A6 /* PeopleRow.swift in Sources */ = {isa = PBXBuildFile; fileRef = F91FA83C273B8D1800A412A6 /* PeopleRow.swift */; };
		F91FA83F273B8E3900A412A6 /* Formatters.swift in Sources */ = {isa = PBXBuildFile; fileRef = F91FA83E273B8E3900A412A6 /* Formatters.swift */; };
		F91FA841273B8EA700A412A6 /* RDSPostModels.swift in Sources */ = {isa = PBXBuildFile; fileRef = F91FA840273B8EA600A412A6 /* RDSPostModels.swift */; };
		F91FA844273B91BA00A412A6 /* FBTasksStepsModel.swift in Sources */ = {isa = PBXBuildFile; fileRef = F91FA842273B91BA00A412A6 /* FBTasksStepsModel.swift */; };
		F91FA845273B91BA00A412A6 /* FBGoalRoutineModel.swift in Sources */ = {isa = PBXBuildFile; fileRef = F91FA843273B91BA00A412A6 /* FBGoalRoutineModel.swift */; };
		F91FA847273B921000A412A6 /* StartCompleteGRATISModel.swift in Sources */ = {isa = PBXBuildFile; fileRef = F91FA846273B921000A412A6 /* StartCompleteGRATISModel.swift */; };
		F91FA849273B928D00A412A6 /* NotificationHandler.swift in Sources */ = {isa = PBXBuildFile; fileRef = F91FA848273B928D00A412A6 /* NotificationHandler.swift */; };
/* End PBXBuildFile section */

/* Begin PBXContainerItemProxy section */
		F91FA7EF273B49AE00A412A6 /* PBXContainerItemProxy */ = {
			isa = PBXContainerItemProxy;
			containerPortal = F91FA7E3273B49AD00A412A6 /* Project object */;
			proxyType = 1;
			remoteGlobalIDString = F91FA7EC273B49AE00A412A6;
			remoteInfo = "Manifest-Watch WatchKit App";
		};
		F91FA7FE273B49B200A412A6 /* PBXContainerItemProxy */ = {
			isa = PBXContainerItemProxy;
			containerPortal = F91FA7E3273B49AD00A412A6 /* Project object */;
			proxyType = 1;
			remoteGlobalIDString = F91FA7FB273B49B200A412A6;
			remoteInfo = "Manifest-Watch WatchKit Extension";
		};
/* End PBXContainerItemProxy section */

/* Begin PBXCopyFilesBuildPhase section */
		F91FA819273B49B400A412A6 /* Embed App Extensions */ = {
			isa = PBXCopyFilesBuildPhase;
			buildActionMask = 2147483647;
			dstPath = "";
			dstSubfolderSpec = 13;
			files = (
				F91FA7FD273B49B200A412A6 /* Manifest-Watch WatchKit Extension.appex in Embed App Extensions */,
			);
			name = "Embed App Extensions";
			runOnlyForDeploymentPostprocessing = 0;
		};
		F91FA81D273B49B400A412A6 /* Embed Watch Content */ = {
			isa = PBXCopyFilesBuildPhase;
			buildActionMask = 2147483647;
			dstPath = "$(CONTENTS_FOLDER_PATH)/Watch";
			dstSubfolderSpec = 16;
			files = (
				F91FA7EE273B49AE00A412A6 /* Manifest-Watch WatchKit App.app in Embed Watch Content */,
			);
			name = "Embed Watch Content";
			runOnlyForDeploymentPostprocessing = 0;
		};
/* End PBXCopyFilesBuildPhase section */

/* Begin PBXFileReference section */
		F91FA7E9273B49AD00A412A6 /* Manifest-Watch.app */ = {isa = PBXFileReference; explicitFileType = wrapper.application; includeInIndex = 0; path = "Manifest-Watch.app"; sourceTree = BUILT_PRODUCTS_DIR; };
		F91FA7ED273B49AE00A412A6 /* Manifest-Watch WatchKit App.app */ = {isa = PBXFileReference; explicitFileType = wrapper.application; includeInIndex = 0; path = "Manifest-Watch WatchKit App.app"; sourceTree = BUILT_PRODUCTS_DIR; };
		F91FA7F3273B49AE00A412A6 /* Base */ = {isa = PBXFileReference; lastKnownFileType = file.storyboard; name = Base; path = Base.lproj/Interface.storyboard; sourceTree = "<group>"; };
		F91FA7F5273B49B200A412A6 /* Assets.xcassets */ = {isa = PBXFileReference; lastKnownFileType = folder.assetcatalog; path = Assets.xcassets; sourceTree = "<group>"; };
		F91FA7F7273B49B200A412A6 /* Info.plist */ = {isa = PBXFileReference; lastKnownFileType = text.plist.xml; path = Info.plist; sourceTree = "<group>"; };
		F91FA7FC273B49B200A412A6 /* Manifest-Watch WatchKit Extension.appex */ = {isa = PBXFileReference; explicitFileType = "wrapper.app-extension"; includeInIndex = 0; path = "Manifest-Watch WatchKit Extension.appex"; sourceTree = BUILT_PRODUCTS_DIR; };
		F91FA801273B49B200A412A6 /* HostingController.swift */ = {isa = PBXFileReference; lastKnownFileType = sourcecode.swift; path = HostingController.swift; sourceTree = "<group>"; };
		F91FA803273B49B200A412A6 /* ContentView.swift */ = {isa = PBXFileReference; lastKnownFileType = sourcecode.swift; path = ContentView.swift; sourceTree = "<group>"; };
		F91FA805273B49B200A412A6 /* ExtensionDelegate.swift */ = {isa = PBXFileReference; lastKnownFileType = sourcecode.swift; path = ExtensionDelegate.swift; sourceTree = "<group>"; };
		F91FA807273B49B200A412A6 /* NotificationController.swift */ = {isa = PBXFileReference; lastKnownFileType = sourcecode.swift; path = NotificationController.swift; sourceTree = "<group>"; };
		F91FA809273B49B200A412A6 /* NotificationView.swift */ = {isa = PBXFileReference; lastKnownFileType = sourcecode.swift; path = NotificationView.swift; sourceTree = "<group>"; };
		F91FA80B273B49B200A412A6 /* ComplicationController.swift */ = {isa = PBXFileReference; lastKnownFileType = sourcecode.swift; path = ComplicationController.swift; sourceTree = "<group>"; };
		F91FA80D273B49B400A412A6 /* Assets.xcassets */ = {isa = PBXFileReference; lastKnownFileType = folder.assetcatalog; path = Assets.xcassets; sourceTree = "<group>"; };
		F91FA810273B49B400A412A6 /* Preview Assets.xcassets */ = {isa = PBXFileReference; lastKnownFileType = folder.assetcatalog; path = "Preview Assets.xcassets"; sourceTree = "<group>"; };
		F91FA812273B49B400A412A6 /* Info.plist */ = {isa = PBXFileReference; lastKnownFileType = text.plist.xml; path = Info.plist; sourceTree = "<group>"; };
		F91FA813273B49B400A412A6 /* PushNotificationPayload.apns */ = {isa = PBXFileReference; lastKnownFileType = text; path = PushNotificationPayload.apns; sourceTree = "<group>"; };
		F91FA821273B4DB500A412A6 /* SignInView.swift */ = {isa = PBXFileReference; lastKnownFileType = sourcecode.swift; path = SignInView.swift; sourceTree = "<group>"; };
		F91FA824273B533600A412A6 /* LaunchScreenView.swift */ = {isa = PBXFileReference; lastKnownFileType = sourcecode.swift; path = LaunchScreenView.swift; sourceTree = "<group>"; };
		F91FA827273B849800A412A6 /* UserManager.swift */ = {isa = PBXFileReference; lastKnownFileType = sourcecode.swift; path = UserManager.swift; sourceTree = "<group>"; };
		F91FA829273B885D00A412A6 /* NetworkManager.swift */ = {isa = PBXFileReference; lastKnownFileType = sourcecode.swift; path = NetworkManager.swift; sourceTree = "<group>"; };
		F91FA82C273B8B9D00A412A6 /* Notification.swift */ = {isa = PBXFileReference; fileEncoding = 4; lastKnownFileType = sourcecode.swift; path = Notification.swift; sourceTree = "<group>"; };
		F91FA82D273B8B9D00A412A6 /* Task.swift */ = {isa = PBXFileReference; fileEncoding = 4; lastKnownFileType = sourcecode.swift; path = Task.swift; sourceTree = "<group>"; };
		F91FA82E273B8B9D00A412A6 /* GoalsAndRoutines.swift */ = {isa = PBXFileReference; fileEncoding = 4; lastKnownFileType = sourcecode.swift; path = GoalsAndRoutines.swift; sourceTree = "<group>"; };
		F91FA82F273B8B9D00A412A6 /* UserInfo.swift */ = {isa = PBXFileReference; fileEncoding = 4; lastKnownFileType = sourcecode.swift; path = UserInfo.swift; sourceTree = "<group>"; };
		F91FA830273B8B9D00A412A6 /* ImportantPeople.swift */ = {isa = PBXFileReference; fileEncoding = 4; lastKnownFileType = sourcecode.swift; path = ImportantPeople.swift; sourceTree = "<group>"; };
		F91FA831273B8B9D00A412A6 /* Action.swift */ = {isa = PBXFileReference; fileEncoding = 4; lastKnownFileType = sourcecode.swift; path = Action.swift; sourceTree = "<group>"; };
		F91FA838273B8C0800A412A6 /* UserDayModel.swift */ = {isa = PBXFileReference; fileEncoding = 4; lastKnownFileType = sourcecode.swift; path = UserDayModel.swift; sourceTree = "<group>"; };
		F91FA83A273B8C2200A412A6 /* EventsModel.swift */ = {isa = PBXFileReference; fileEncoding = 4; lastKnownFileType = sourcecode.swift; path = EventsModel.swift; sourceTree = "<group>"; };
		F91FA83C273B8D1800A412A6 /* PeopleRow.swift */ = {isa = PBXFileReference; fileEncoding = 4; lastKnownFileType = sourcecode.swift; path = PeopleRow.swift; sourceTree = "<group>"; };
		F91FA83E273B8E3900A412A6 /* Formatters.swift */ = {isa = PBXFileReference; fileEncoding = 4; lastKnownFileType = sourcecode.swift; path = Formatters.swift; sourceTree = "<group>"; };
		F91FA840273B8EA600A412A6 /* RDSPostModels.swift */ = {isa = PBXFileReference; fileEncoding = 4; lastKnownFileType = sourcecode.swift; path = RDSPostModels.swift; sourceTree = "<group>"; };
		F91FA842273B91BA00A412A6 /* FBTasksStepsModel.swift */ = {isa = PBXFileReference; fileEncoding = 4; lastKnownFileType = sourcecode.swift; path = FBTasksStepsModel.swift; sourceTree = "<group>"; };
		F91FA843273B91BA00A412A6 /* FBGoalRoutineModel.swift */ = {isa = PBXFileReference; fileEncoding = 4; lastKnownFileType = sourcecode.swift; path = FBGoalRoutineModel.swift; sourceTree = "<group>"; };
		F91FA846273B921000A412A6 /* StartCompleteGRATISModel.swift */ = {isa = PBXFileReference; fileEncoding = 4; lastKnownFileType = sourcecode.swift; path = StartCompleteGRATISModel.swift; sourceTree = "<group>"; };
		F91FA848273B928D00A412A6 /* NotificationHandler.swift */ = {isa = PBXFileReference; fileEncoding = 4; lastKnownFileType = sourcecode.swift; path = NotificationHandler.swift; sourceTree = "<group>"; };
/* End PBXFileReference section */

/* Begin PBXFrameworksBuildPhase section */
		F91FA7F9273B49B200A412A6 /* Frameworks */ = {
			isa = PBXFrameworksBuildPhase;
			buildActionMask = 2147483647;
			files = (
			);
			runOnlyForDeploymentPostprocessing = 0;
		};
/* End PBXFrameworksBuildPhase section */

/* Begin PBXGroup section */
		F91FA7E2273B49AD00A412A6 = {
			isa = PBXGroup;
			children = (
				F91FA7F1273B49AE00A412A6 /* Manifest-Watch WatchKit App */,
				F91FA800273B49B200A412A6 /* Manifest-Watch WatchKit Extension */,
				F91FA7EA273B49AD00A412A6 /* Products */,
			);
			sourceTree = "<group>";
		};
		F91FA7EA273B49AD00A412A6 /* Products */ = {
			isa = PBXGroup;
			children = (
				F91FA7E9273B49AD00A412A6 /* Manifest-Watch.app */,
				F91FA7ED273B49AE00A412A6 /* Manifest-Watch WatchKit App.app */,
				F91FA7FC273B49B200A412A6 /* Manifest-Watch WatchKit Extension.appex */,
			);
			name = Products;
			sourceTree = "<group>";
		};
		F91FA7F1273B49AE00A412A6 /* Manifest-Watch WatchKit App */ = {
			isa = PBXGroup;
			children = (
				F91FA7F2273B49AE00A412A6 /* Interface.storyboard */,
				F91FA7F5273B49B200A412A6 /* Assets.xcassets */,
				F91FA7F7273B49B200A412A6 /* Info.plist */,
			);
			path = "Manifest-Watch WatchKit App";
			sourceTree = "<group>";
		};
		F91FA800273B49B200A412A6 /* Manifest-Watch WatchKit Extension */ = {
			isa = PBXGroup;
			children = (
				F91FA82B273B8B7600A412A6 /* Models */,
				F91FA826273B847D00A412A6 /* Services */,
				F91FA823273B4F3700A412A6 /* Views */,
				F91FA801273B49B200A412A6 /* HostingController.swift */,
				F91FA803273B49B200A412A6 /* ContentView.swift */,
				F91FA805273B49B200A412A6 /* ExtensionDelegate.swift */,
				F91FA807273B49B200A412A6 /* NotificationController.swift */,
				F91FA809273B49B200A412A6 /* NotificationView.swift */,
				F91FA80B273B49B200A412A6 /* ComplicationController.swift */,
				F91FA80D273B49B400A412A6 /* Assets.xcassets */,
				F91FA812273B49B400A412A6 /* Info.plist */,
				F91FA813273B49B400A412A6 /* PushNotificationPayload.apns */,
				F91FA80F273B49B400A412A6 /* Preview Content */,
			);
			path = "Manifest-Watch WatchKit Extension";
			sourceTree = "<group>";
		};
		F91FA80F273B49B400A412A6 /* Preview Content */ = {
			isa = PBXGroup;
			children = (
				F91FA810273B49B400A412A6 /* Preview Assets.xcassets */,
			);
			path = "Preview Content";
			sourceTree = "<group>";
		};
		F91FA823273B4F3700A412A6 /* Views */ = {
			isa = PBXGroup;
			children = (
				F91FA821273B4DB500A412A6 /* SignInView.swift */,
				F91FA824273B533600A412A6 /* LaunchScreenView.swift */,
			);
			path = Views;
			sourceTree = "<group>";
		};
		F91FA826273B847D00A412A6 /* Services */ = {
			isa = PBXGroup;
			children = (
				F91FA829273B885D00A412A6 /* NetworkManager.swift */,
				F91FA848273B928D00A412A6 /* NotificationHandler.swift */,
				F91FA827273B849800A412A6 /* UserManager.swift */,
			);
			path = Services;
			sourceTree = "<group>";
		};
		F91FA82B273B8B7600A412A6 /* Models */ = {
			isa = PBXGroup;
			children = (
				F91FA831273B8B9D00A412A6 /* Action.swift */,
				F91FA83A273B8C2200A412A6 /* EventsModel.swift */,
				F91FA843273B91BA00A412A6 /* FBGoalRoutineModel.swift */,
				F91FA842273B91BA00A412A6 /* FBTasksStepsModel.swift */,
				F91FA83E273B8E3900A412A6 /* Formatters.swift */,
				F91FA82E273B8B9D00A412A6 /* GoalsAndRoutines.swift */,
				F91FA830273B8B9D00A412A6 /* ImportantPeople.swift */,
				F91FA82C273B8B9D00A412A6 /* Notification.swift */,
				F91FA83C273B8D1800A412A6 /* PeopleRow.swift */,
				F91FA840273B8EA600A412A6 /* RDSPostModels.swift */,
				F91FA846273B921000A412A6 /* StartCompleteGRATISModel.swift */,
				F91FA82D273B8B9D00A412A6 /* Task.swift */,
				F91FA82F273B8B9D00A412A6 /* UserInfo.swift */,
				F91FA838273B8C0800A412A6 /* UserDayModel.swift */,
			);
			path = Models;
			sourceTree = "<group>";
		};
/* End PBXGroup section */

/* Begin PBXNativeTarget section */
		F91FA7E8273B49AD00A412A6 /* Manifest-Watch */ = {
			isa = PBXNativeTarget;
			buildConfigurationList = F91FA81E273B49B400A412A6 /* Build configuration list for PBXNativeTarget "Manifest-Watch" */;
			buildPhases = (
				F91FA7E7273B49AD00A412A6 /* Resources */,
				F91FA81D273B49B400A412A6 /* Embed Watch Content */,
			);
			buildRules = (
			);
			dependencies = (
				F91FA7F0273B49AE00A412A6 /* PBXTargetDependency */,
			);
			name = "Manifest-Watch";
			productName = "Manifest-Watch";
			productReference = F91FA7E9273B49AD00A412A6 /* Manifest-Watch.app */;
			productType = "com.apple.product-type.application.watchapp2-container";
		};
		F91FA7EC273B49AE00A412A6 /* Manifest-Watch WatchKit App */ = {
			isa = PBXNativeTarget;
			buildConfigurationList = F91FA81A273B49B400A412A6 /* Build configuration list for PBXNativeTarget "Manifest-Watch WatchKit App" */;
			buildPhases = (
				F91FA7EB273B49AE00A412A6 /* Resources */,
				F91FA819273B49B400A412A6 /* Embed App Extensions */,
			);
			buildRules = (
			);
			dependencies = (
				F91FA7FF273B49B200A412A6 /* PBXTargetDependency */,
			);
			name = "Manifest-Watch WatchKit App";
			productName = "Manifest-Watch WatchKit App";
			productReference = F91FA7ED273B49AE00A412A6 /* Manifest-Watch WatchKit App.app */;
			productType = "com.apple.product-type.application.watchapp2";
		};
		F91FA7FB273B49B200A412A6 /* Manifest-Watch WatchKit Extension */ = {
			isa = PBXNativeTarget;
			buildConfigurationList = F91FA816273B49B400A412A6 /* Build configuration list for PBXNativeTarget "Manifest-Watch WatchKit Extension" */;
			buildPhases = (
				F91FA7F8273B49B200A412A6 /* Sources */,
				F91FA7F9273B49B200A412A6 /* Frameworks */,
				F91FA7FA273B49B200A412A6 /* Resources */,
			);
			buildRules = (
			);
			dependencies = (
			);
			name = "Manifest-Watch WatchKit Extension";
			productName = "Manifest-Watch WatchKit Extension";
			productReference = F91FA7FC273B49B200A412A6 /* Manifest-Watch WatchKit Extension.appex */;
			productType = "com.apple.product-type.watchkit2-extension";
		};
/* End PBXNativeTarget section */

/* Begin PBXProject section */
		F91FA7E3273B49AD00A412A6 /* Project object */ = {
			isa = PBXProject;
			attributes = {
				LastSwiftUpdateCheck = 1250;
				LastUpgradeCheck = 1250;
				TargetAttributes = {
					F91FA7E8273B49AD00A412A6 = {
						CreatedOnToolsVersion = 12.5.1;
					};
					F91FA7EC273B49AE00A412A6 = {
						CreatedOnToolsVersion = 12.5.1;
					};
					F91FA7FB273B49B200A412A6 = {
						CreatedOnToolsVersion = 12.5.1;
					};
				};
			};
			buildConfigurationList = F91FA7E6273B49AD00A412A6 /* Build configuration list for PBXProject "Manifest-Watch" */;
			compatibilityVersion = "Xcode 9.3";
			developmentRegion = en;
			hasScannedForEncodings = 0;
			knownRegions = (
				en,
				Base,
			);
			mainGroup = F91FA7E2273B49AD00A412A6;
			productRefGroup = F91FA7EA273B49AD00A412A6 /* Products */;
			projectDirPath = "";
			projectRoot = "";
			targets = (
				F91FA7E8273B49AD00A412A6 /* Manifest-Watch */,
				F91FA7EC273B49AE00A412A6 /* Manifest-Watch WatchKit App */,
				F91FA7FB273B49B200A412A6 /* Manifest-Watch WatchKit Extension */,
			);
		};
/* End PBXProject section */

/* Begin PBXResourcesBuildPhase section */
		F91FA7E7273B49AD00A412A6 /* Resources */ = {
			isa = PBXResourcesBuildPhase;
			buildActionMask = 2147483647;
			files = (
			);
			runOnlyForDeploymentPostprocessing = 0;
		};
		F91FA7EB273B49AE00A412A6 /* Resources */ = {
			isa = PBXResourcesBuildPhase;
			buildActionMask = 2147483647;
			files = (
				F91FA7F6273B49B200A412A6 /* Assets.xcassets in Resources */,
				F91FA7F4273B49AE00A412A6 /* Interface.storyboard in Resources */,
			);
			runOnlyForDeploymentPostprocessing = 0;
		};
		F91FA7FA273B49B200A412A6 /* Resources */ = {
			isa = PBXResourcesBuildPhase;
			buildActionMask = 2147483647;
			files = (
				F91FA811273B49B400A412A6 /* Preview Assets.xcassets in Resources */,
				F91FA80E273B49B400A412A6 /* Assets.xcassets in Resources */,
			);
			runOnlyForDeploymentPostprocessing = 0;
		};
/* End PBXResourcesBuildPhase section */

/* Begin PBXSourcesBuildPhase section */
		F91FA7F8273B49B200A412A6 /* Sources */ = {
			isa = PBXSourcesBuildPhase;
			buildActionMask = 2147483647;
			files = (
				F91FA836273B8B9D00A412A6 /* ImportantPeople.swift in Sources */,
				F91FA841273B8EA700A412A6 /* RDSPostModels.swift in Sources */,
				F91FA845273B91BA00A412A6 /* FBGoalRoutineModel.swift in Sources */,
				F91FA828273B849800A412A6 /* UserManager.swift in Sources */,
				F91FA839273B8C0800A412A6 /* UserDayModel.swift in Sources */,
				F91FA844273B91BA00A412A6 /* FBTasksStepsModel.swift in Sources */,
				F91FA804273B49B200A412A6 /* ContentView.swift in Sources */,
				F91FA83B273B8C2200A412A6 /* EventsModel.swift in Sources */,
				F91FA82A273B885D00A412A6 /* NetworkManager.swift in Sources */,
				F91FA822273B4DB500A412A6 /* SignInView.swift in Sources */,
				F91FA837273B8B9D00A412A6 /* Action.swift in Sources */,
				F91FA834273B8B9D00A412A6 /* GoalsAndRoutines.swift in Sources */,
				F91FA849273B928D00A412A6 /* NotificationHandler.swift in Sources */,
				F91FA833273B8B9D00A412A6 /* Task.swift in Sources */,
				F91FA802273B49B200A412A6 /* HostingController.swift in Sources */,
				F91FA83D273B8D1800A412A6 /* PeopleRow.swift in Sources */,
				F91FA808273B49B200A412A6 /* NotificationController.swift in Sources */,
				F91FA806273B49B200A412A6 /* ExtensionDelegate.swift in Sources */,
				F91FA80A273B49B200A412A6 /* NotificationView.swift in Sources */,
				F91FA832273B8B9D00A412A6 /* Notification.swift in Sources */,
				F91FA847273B921000A412A6 /* StartCompleteGRATISModel.swift in Sources */,
				F91FA80C273B49B200A412A6 /* ComplicationController.swift in Sources */,
				F91FA835273B8B9D00A412A6 /* UserInfo.swift in Sources */,
				F91FA83F273B8E3900A412A6 /* Formatters.swift in Sources */,
				F91FA825273B533600A412A6 /* LaunchScreenView.swift in Sources */,
			);
			runOnlyForDeploymentPostprocessing = 0;
		};
/* End PBXSourcesBuildPhase section */

/* Begin PBXTargetDependency section */
		F91FA7F0273B49AE00A412A6 /* PBXTargetDependency */ = {
			isa = PBXTargetDependency;
			target = F91FA7EC273B49AE00A412A6 /* Manifest-Watch WatchKit App */;
			targetProxy = F91FA7EF273B49AE00A412A6 /* PBXContainerItemProxy */;
		};
		F91FA7FF273B49B200A412A6 /* PBXTargetDependency */ = {
			isa = PBXTargetDependency;
			target = F91FA7FB273B49B200A412A6 /* Manifest-Watch WatchKit Extension */;
			targetProxy = F91FA7FE273B49B200A412A6 /* PBXContainerItemProxy */;
		};
/* End PBXTargetDependency section */

/* Begin PBXVariantGroup section */
		F91FA7F2273B49AE00A412A6 /* Interface.storyboard */ = {
			isa = PBXVariantGroup;
			children = (
				F91FA7F3273B49AE00A412A6 /* Base */,
			);
			name = Interface.storyboard;
			sourceTree = "<group>";
		};
/* End PBXVariantGroup section */

/* Begin XCBuildConfiguration section */
		F91FA814273B49B400A412A6 /* Debug */ = {
			isa = XCBuildConfiguration;
			buildSettings = {
				ALWAYS_SEARCH_USER_PATHS = NO;
				CLANG_ANALYZER_NONNULL = YES;
				CLANG_ANALYZER_NUMBER_OBJECT_CONVERSION = YES_AGGRESSIVE;
				CLANG_CXX_LANGUAGE_STANDARD = "gnu++14";
				CLANG_CXX_LIBRARY = "libc++";
				CLANG_ENABLE_MODULES = YES;
				CLANG_ENABLE_OBJC_ARC = YES;
				CLANG_ENABLE_OBJC_WEAK = YES;
				CLANG_WARN_BLOCK_CAPTURE_AUTORELEASING = YES;
				CLANG_WARN_BOOL_CONVERSION = YES;
				CLANG_WARN_COMMA = YES;
				CLANG_WARN_CONSTANT_CONVERSION = YES;
				CLANG_WARN_DEPRECATED_OBJC_IMPLEMENTATIONS = YES;
				CLANG_WARN_DIRECT_OBJC_ISA_USAGE = YES_ERROR;
				CLANG_WARN_DOCUMENTATION_COMMENTS = YES;
				CLANG_WARN_EMPTY_BODY = YES;
				CLANG_WARN_ENUM_CONVERSION = YES;
				CLANG_WARN_INFINITE_RECURSION = YES;
				CLANG_WARN_INT_CONVERSION = YES;
				CLANG_WARN_NON_LITERAL_NULL_CONVERSION = YES;
				CLANG_WARN_OBJC_IMPLICIT_RETAIN_SELF = YES;
				CLANG_WARN_OBJC_LITERAL_CONVERSION = YES;
				CLANG_WARN_OBJC_ROOT_CLASS = YES_ERROR;
				CLANG_WARN_QUOTED_INCLUDE_IN_FRAMEWORK_HEADER = YES;
				CLANG_WARN_RANGE_LOOP_ANALYSIS = YES;
				CLANG_WARN_STRICT_PROTOTYPES = YES;
				CLANG_WARN_SUSPICIOUS_MOVE = YES;
				CLANG_WARN_UNGUARDED_AVAILABILITY = YES_AGGRESSIVE;
				CLANG_WARN_UNREACHABLE_CODE = YES;
				CLANG_WARN__DUPLICATE_METHOD_MATCH = YES;
				COPY_PHASE_STRIP = NO;
				DEBUG_INFORMATION_FORMAT = dwarf;
				ENABLE_STRICT_OBJC_MSGSEND = YES;
				ENABLE_TESTABILITY = YES;
				GCC_C_LANGUAGE_STANDARD = gnu11;
				GCC_DYNAMIC_NO_PIC = NO;
				GCC_NO_COMMON_BLOCKS = YES;
				GCC_OPTIMIZATION_LEVEL = 0;
				GCC_PREPROCESSOR_DEFINITIONS = (
					"DEBUG=1",
					"$(inherited)",
				);
				GCC_WARN_64_TO_32_BIT_CONVERSION = YES;
				GCC_WARN_ABOUT_RETURN_TYPE = YES_ERROR;
				GCC_WARN_UNDECLARED_SELECTOR = YES;
				GCC_WARN_UNINITIALIZED_AUTOS = YES_AGGRESSIVE;
				GCC_WARN_UNUSED_FUNCTION = YES;
				GCC_WARN_UNUSED_VARIABLE = YES;
				MTL_ENABLE_DEBUG_INFO = INCLUDE_SOURCE;
				MTL_FAST_MATH = YES;
				ONLY_ACTIVE_ARCH = YES;
				SDKROOT = iphoneos;
				SWIFT_ACTIVE_COMPILATION_CONDITIONS = DEBUG;
				SWIFT_OPTIMIZATION_LEVEL = "-Onone";
			};
			name = Debug;
		};
		F91FA815273B49B400A412A6 /* Release */ = {
			isa = XCBuildConfiguration;
			buildSettings = {
				ALWAYS_SEARCH_USER_PATHS = NO;
				CLANG_ANALYZER_NONNULL = YES;
				CLANG_ANALYZER_NUMBER_OBJECT_CONVERSION = YES_AGGRESSIVE;
				CLANG_CXX_LANGUAGE_STANDARD = "gnu++14";
				CLANG_CXX_LIBRARY = "libc++";
				CLANG_ENABLE_MODULES = YES;
				CLANG_ENABLE_OBJC_ARC = YES;
				CLANG_ENABLE_OBJC_WEAK = YES;
				CLANG_WARN_BLOCK_CAPTURE_AUTORELEASING = YES;
				CLANG_WARN_BOOL_CONVERSION = YES;
				CLANG_WARN_COMMA = YES;
				CLANG_WARN_CONSTANT_CONVERSION = YES;
				CLANG_WARN_DEPRECATED_OBJC_IMPLEMENTATIONS = YES;
				CLANG_WARN_DIRECT_OBJC_ISA_USAGE = YES_ERROR;
				CLANG_WARN_DOCUMENTATION_COMMENTS = YES;
				CLANG_WARN_EMPTY_BODY = YES;
				CLANG_WARN_ENUM_CONVERSION = YES;
				CLANG_WARN_INFINITE_RECURSION = YES;
				CLANG_WARN_INT_CONVERSION = YES;
				CLANG_WARN_NON_LITERAL_NULL_CONVERSION = YES;
				CLANG_WARN_OBJC_IMPLICIT_RETAIN_SELF = YES;
				CLANG_WARN_OBJC_LITERAL_CONVERSION = YES;
				CLANG_WARN_OBJC_ROOT_CLASS = YES_ERROR;
				CLANG_WARN_QUOTED_INCLUDE_IN_FRAMEWORK_HEADER = YES;
				CLANG_WARN_RANGE_LOOP_ANALYSIS = YES;
				CLANG_WARN_STRICT_PROTOTYPES = YES;
				CLANG_WARN_SUSPICIOUS_MOVE = YES;
				CLANG_WARN_UNGUARDED_AVAILABILITY = YES_AGGRESSIVE;
				CLANG_WARN_UNREACHABLE_CODE = YES;
				CLANG_WARN__DUPLICATE_METHOD_MATCH = YES;
				COPY_PHASE_STRIP = NO;
				DEBUG_INFORMATION_FORMAT = "dwarf-with-dsym";
				ENABLE_NS_ASSERTIONS = NO;
				ENABLE_STRICT_OBJC_MSGSEND = YES;
				GCC_C_LANGUAGE_STANDARD = gnu11;
				GCC_NO_COMMON_BLOCKS = YES;
				GCC_WARN_64_TO_32_BIT_CONVERSION = YES;
				GCC_WARN_ABOUT_RETURN_TYPE = YES_ERROR;
				GCC_WARN_UNDECLARED_SELECTOR = YES;
				GCC_WARN_UNINITIALIZED_AUTOS = YES_AGGRESSIVE;
				GCC_WARN_UNUSED_FUNCTION = YES;
				GCC_WARN_UNUSED_VARIABLE = YES;
				MTL_ENABLE_DEBUG_INFO = NO;
				MTL_FAST_MATH = YES;
				SDKROOT = iphoneos;
				SWIFT_COMPILATION_MODE = wholemodule;
				SWIFT_OPTIMIZATION_LEVEL = "-O";
				VALIDATE_PRODUCT = YES;
			};
			name = Release;
		};
		F91FA817273B49B400A412A6 /* Debug */ = {
			isa = XCBuildConfiguration;
			buildSettings = {
				ASSETCATALOG_COMPILER_COMPLICATION_NAME = Complication;
				CODE_SIGN_STYLE = Automatic;
				DEVELOPMENT_ASSET_PATHS = "\"Manifest-Watch WatchKit Extension/Preview Content\"";
				DEVELOPMENT_TEAM = 8V66NC2T37;
				ENABLE_PREVIEWS = YES;
				INFOPLIST_FILE = "Manifest-Watch WatchKit Extension/Info.plist";
				LD_RUNPATH_SEARCH_PATHS = (
					"$(inherited)",
					"@executable_path/Frameworks",
					"@executable_path/../../Frameworks",
				);
				PRODUCT_BUNDLE_IDENTIFIER = "com.InfiniteOptions.Manifest-Watch.watchkitapp.watchkitextension";
				PRODUCT_NAME = "${TARGET_NAME}";
				SDKROOT = watchos;
				SKIP_INSTALL = YES;
				SWIFT_VERSION = 5.0;
				TARGETED_DEVICE_FAMILY = 4;
				WATCHOS_DEPLOYMENT_TARGET = 7.4;
			};
			name = Debug;
		};
		F91FA818273B49B400A412A6 /* Release */ = {
			isa = XCBuildConfiguration;
			buildSettings = {
				ASSETCATALOG_COMPILER_COMPLICATION_NAME = Complication;
				CODE_SIGN_STYLE = Automatic;
				DEVELOPMENT_ASSET_PATHS = "\"Manifest-Watch WatchKit Extension/Preview Content\"";
				DEVELOPMENT_TEAM = 8V66NC2T37;
				ENABLE_PREVIEWS = YES;
				INFOPLIST_FILE = "Manifest-Watch WatchKit Extension/Info.plist";
				LD_RUNPATH_SEARCH_PATHS = (
					"$(inherited)",
					"@executable_path/Frameworks",
					"@executable_path/../../Frameworks",
				);
				PRODUCT_BUNDLE_IDENTIFIER = "com.InfiniteOptions.Manifest-Watch.watchkitapp.watchkitextension";
				PRODUCT_NAME = "${TARGET_NAME}";
				SDKROOT = watchos;
				SKIP_INSTALL = YES;
				SWIFT_VERSION = 5.0;
				TARGETED_DEVICE_FAMILY = 4;
				WATCHOS_DEPLOYMENT_TARGET = 7.4;
			};
			name = Release;
		};
		F91FA81B273B49B400A412A6 /* Debug */ = {
			isa = XCBuildConfiguration;
			buildSettings = {
				ALWAYS_EMBED_SWIFT_STANDARD_LIBRARIES = YES;
				ASSETCATALOG_COMPILER_APPICON_NAME = AppIcon;
				ASSETCATALOG_COMPILER_GLOBAL_ACCENT_COLOR_NAME = AccentColor;
				CODE_SIGN_STYLE = Automatic;
				DEVELOPMENT_TEAM = 8V66NC2T37;
				IBSC_MODULE = Manifest_Watch_WatchKit_Extension;
				INFOPLIST_FILE = "Manifest-Watch WatchKit App/Info.plist";
				PRODUCT_BUNDLE_IDENTIFIER = "com.InfiniteOptions.Manifest-Watch.watchkitapp";
				PRODUCT_NAME = "$(TARGET_NAME)";
				SDKROOT = watchos;
				SKIP_INSTALL = YES;
				SWIFT_VERSION = 5.0;
				TARGETED_DEVICE_FAMILY = 4;
				WATCHOS_DEPLOYMENT_TARGET = 7.4;
			};
			name = Debug;
		};
		F91FA81C273B49B400A412A6 /* Release */ = {
			isa = XCBuildConfiguration;
			buildSettings = {
				ALWAYS_EMBED_SWIFT_STANDARD_LIBRARIES = YES;
				ASSETCATALOG_COMPILER_APPICON_NAME = AppIcon;
				ASSETCATALOG_COMPILER_GLOBAL_ACCENT_COLOR_NAME = AccentColor;
				CODE_SIGN_STYLE = Automatic;
				DEVELOPMENT_TEAM = 8V66NC2T37;
				IBSC_MODULE = Manifest_Watch_WatchKit_Extension;
				INFOPLIST_FILE = "Manifest-Watch WatchKit App/Info.plist";
				PRODUCT_BUNDLE_IDENTIFIER = "com.InfiniteOptions.Manifest-Watch.watchkitapp";
				PRODUCT_NAME = "$(TARGET_NAME)";
				SDKROOT = watchos;
				SKIP_INSTALL = YES;
				SWIFT_VERSION = 5.0;
				TARGETED_DEVICE_FAMILY = 4;
				WATCHOS_DEPLOYMENT_TARGET = 7.4;
			};
			name = Release;
		};
		F91FA81F273B49B400A412A6 /* Debug */ = {
			isa = XCBuildConfiguration;
			buildSettings = {
				CODE_SIGN_STYLE = Automatic;
				CURRENT_PROJECT_VERSION = 1;
				DEVELOPMENT_TEAM = 8V66NC2T37;
				MARKETING_VERSION = 1.0;
				PRODUCT_BUNDLE_IDENTIFIER = "com.InfiniteOptions.Manifest-Watch";
				PRODUCT_NAME = "$(TARGET_NAME)";
				SWIFT_VERSION = 5.0;
			};
			name = Debug;
		};
		F91FA820273B49B400A412A6 /* Release */ = {
			isa = XCBuildConfiguration;
			buildSettings = {
				CODE_SIGN_STYLE = Automatic;
				CURRENT_PROJECT_VERSION = 1;
				DEVELOPMENT_TEAM = 8V66NC2T37;
				MARKETING_VERSION = 1.0;
				PRODUCT_BUNDLE_IDENTIFIER = "com.InfiniteOptions.Manifest-Watch";
				PRODUCT_NAME = "$(TARGET_NAME)";
				SWIFT_VERSION = 5.0;
			};
			name = Release;
		};
/* End XCBuildConfiguration section */

/* Begin XCConfigurationList section */
		F91FA7E6273B49AD00A412A6 /* Build configuration list for PBXProject "Manifest-Watch" */ = {
			isa = XCConfigurationList;
			buildConfigurations = (
				F91FA814273B49B400A412A6 /* Debug */,
				F91FA815273B49B400A412A6 /* Release */,
			);
			defaultConfigurationIsVisible = 0;
			defaultConfigurationName = Release;
		};
		F91FA816273B49B400A412A6 /* Build configuration list for PBXNativeTarget "Manifest-Watch WatchKit Extension" */ = {
			isa = XCConfigurationList;
			buildConfigurations = (
				F91FA817273B49B400A412A6 /* Debug */,
				F91FA818273B49B400A412A6 /* Release */,
			);
			defaultConfigurationIsVisible = 0;
			defaultConfigurationName = Release;
		};
		F91FA81A273B49B400A412A6 /* Build configuration list for PBXNativeTarget "Manifest-Watch WatchKit App" */ = {
			isa = XCConfigurationList;
			buildConfigurations = (
				F91FA81B273B49B400A412A6 /* Debug */,
				F91FA81C273B49B400A412A6 /* Release */,
			);
			defaultConfigurationIsVisible = 0;
			defaultConfigurationName = Release;
		};
		F91FA81E273B49B400A412A6 /* Build configuration list for PBXNativeTarget "Manifest-Watch" */ = {
			isa = XCConfigurationList;
			buildConfigurations = (
				F91FA81F273B49B400A412A6 /* Debug */,
				F91FA820273B49B400A412A6 /* Release */,
			);
			defaultConfigurationIsVisible = 0;
			defaultConfigurationName = Release;
		};
/* End XCConfigurationList section */
	};
	rootObject = F91FA7E3273B49AD00A412A6 /* Project object */;
}
